// !$*UTF8*$!
{
	archiveVersion = 1;
	classes = {
	};
	objectVersion = 50;
	objects = {

/* Begin PBXBuildFile section */
		775E978124B7F05000A0919E /* AppDelegate.swift in Sources */ = {isa = PBXBuildFile; fileRef = 775E978024B7F05000A0919E /* AppDelegate.swift */; };
		775E978324B7F05000A0919E /* SceneDelegate.swift in Sources */ = {isa = PBXBuildFile; fileRef = 775E978224B7F05000A0919E /* SceneDelegate.swift */; };
		775E978524B7F05000A0919E /* HomeViewController.swift in Sources */ = {isa = PBXBuildFile; fileRef = 775E978424B7F05000A0919E /* HomeViewController.swift */; };
		775E978824B7F05000A0919E /* Main.storyboard in Resources */ = {isa = PBXBuildFile; fileRef = 775E978624B7F05000A0919E /* Main.storyboard */; };
		775E978A24B7F05300A0919E /* Assets.xcassets in Resources */ = {isa = PBXBuildFile; fileRef = 775E978924B7F05300A0919E /* Assets.xcassets */; };
		775E978D24B7F05300A0919E /* LaunchScreen.storyboard in Resources */ = {isa = PBXBuildFile; fileRef = 775E978B24B7F05300A0919E /* LaunchScreen.storyboard */; };
		775E979824B7F05400A0919E /* TakeHomeProjectTests.swift in Sources */ = {isa = PBXBuildFile; fileRef = 775E979724B7F05400A0919E /* TakeHomeProjectTests.swift */; };
		775E97A324B7F05400A0919E /* TakeHomeProjectUITests.swift in Sources */ = {isa = PBXBuildFile; fileRef = 775E97A224B7F05400A0919E /* TakeHomeProjectUITests.swift */; };
		775E97B424B8090D00A0919E /* CategpryViewController.swift in Sources */ = {isa = PBXBuildFile; fileRef = 775E97B324B8090D00A0919E /* CategpryViewController.swift */; };
		775E97BA24B83F8E00A0919E /* AppStringModel.swift in Sources */ = {isa = PBXBuildFile; fileRef = 775E97B924B83F8E00A0919E /* AppStringModel.swift */; };
		775E97BD24B96DFD00A0919E /* Networking.swift in Sources */ = {isa = PBXBuildFile; fileRef = 775E97BC24B96DFD00A0919E /* Networking.swift */; };
		775E97BF24BACBFB00A0919E /* News.swift in Sources */ = {isa = PBXBuildFile; fileRef = 775E97BE24BACBFB00A0919E /* News.swift */; };
		775E97C424BC194300A0919E /* NewsCollectionViewCustomCell.swift in Sources */ = {isa = PBXBuildFile; fileRef = 775E97C324BC194300A0919E /* NewsCollectionViewCustomCell.swift */; };
		775E97C724BC219A00A0919E /* NewsTableViewCustomCell.swift in Sources */ = {isa = PBXBuildFile; fileRef = 775E97C624BC219A00A0919E /* NewsTableViewCustomCell.swift */; };
/* End PBXBuildFile section */

/* Begin PBXContainerItemProxy section */
		775E979424B7F05400A0919E /* PBXContainerItemProxy */ = {
			isa = PBXContainerItemProxy;
			containerPortal = 775E977524B7F05000A0919E /* Project object */;
			proxyType = 1;
			remoteGlobalIDString = 775E977C24B7F05000A0919E;
			remoteInfo = TakeHomeProject;
		};
		775E979F24B7F05400A0919E /* PBXContainerItemProxy */ = {
			isa = PBXContainerItemProxy;
			containerPortal = 775E977524B7F05000A0919E /* Project object */;
			proxyType = 1;
			remoteGlobalIDString = 775E977C24B7F05000A0919E;
			remoteInfo = TakeHomeProject;
		};
/* End PBXContainerItemProxy section */

/* Begin PBXFileReference section */
		775E977D24B7F05000A0919E /* TakeHomeProject.app */ = {isa = PBXFileReference; explicitFileType = wrapper.application; includeInIndex = 0; path = TakeHomeProject.app; sourceTree = BUILT_PRODUCTS_DIR; };
		775E978024B7F05000A0919E /* AppDelegate.swift */ = {isa = PBXFileReference; lastKnownFileType = sourcecode.swift; path = AppDelegate.swift; sourceTree = "<group>"; };
		775E978224B7F05000A0919E /* SceneDelegate.swift */ = {isa = PBXFileReference; lastKnownFileType = sourcecode.swift; path = SceneDelegate.swift; sourceTree = "<group>"; };
		775E978424B7F05000A0919E /* HomeViewController.swift */ = {isa = PBXFileReference; lastKnownFileType = sourcecode.swift; path = HomeViewController.swift; sourceTree = "<group>"; };
		775E978724B7F05000A0919E /* Base */ = {isa = PBXFileReference; lastKnownFileType = file.storyboard; name = Base; path = Base.lproj/Main.storyboard; sourceTree = "<group>"; };
		775E978924B7F05300A0919E /* Assets.xcassets */ = {isa = PBXFileReference; lastKnownFileType = folder.assetcatalog; path = Assets.xcassets; sourceTree = "<group>"; };
		775E978C24B7F05300A0919E /* Base */ = {isa = PBXFileReference; lastKnownFileType = file.storyboard; name = Base; path = Base.lproj/LaunchScreen.storyboard; sourceTree = "<group>"; };
		775E978E24B7F05300A0919E /* Info.plist */ = {isa = PBXFileReference; lastKnownFileType = text.plist.xml; path = Info.plist; sourceTree = "<group>"; };
		775E979324B7F05400A0919E /* TakeHomeProjectTests.xctest */ = {isa = PBXFileReference; explicitFileType = wrapper.cfbundle; includeInIndex = 0; path = TakeHomeProjectTests.xctest; sourceTree = BUILT_PRODUCTS_DIR; };
		775E979724B7F05400A0919E /* TakeHomeProjectTests.swift */ = {isa = PBXFileReference; lastKnownFileType = sourcecode.swift; path = TakeHomeProjectTests.swift; sourceTree = "<group>"; };
		775E979924B7F05400A0919E /* Info.plist */ = {isa = PBXFileReference; lastKnownFileType = text.plist.xml; path = Info.plist; sourceTree = "<group>"; };
		775E979E24B7F05400A0919E /* TakeHomeProjectUITests.xctest */ = {isa = PBXFileReference; explicitFileType = wrapper.cfbundle; includeInIndex = 0; path = TakeHomeProjectUITests.xctest; sourceTree = BUILT_PRODUCTS_DIR; };
		775E97A224B7F05400A0919E /* TakeHomeProjectUITests.swift */ = {isa = PBXFileReference; lastKnownFileType = sourcecode.swift; path = TakeHomeProjectUITests.swift; sourceTree = "<group>"; };
		775E97A424B7F05400A0919E /* Info.plist */ = {isa = PBXFileReference; lastKnownFileType = text.plist.xml; path = Info.plist; sourceTree = "<group>"; };
		775E97B324B8090D00A0919E /* CategpryViewController.swift */ = {isa = PBXFileReference; lastKnownFileType = sourcecode.swift; path = CategpryViewController.swift; sourceTree = "<group>"; };
		775E97B924B83F8E00A0919E /* AppStringModel.swift */ = {isa = PBXFileReference; lastKnownFileType = sourcecode.swift; path = AppStringModel.swift; sourceTree = "<group>"; };
		775E97BC24B96DFD00A0919E /* Networking.swift */ = {isa = PBXFileReference; lastKnownFileType = sourcecode.swift; path = Networking.swift; sourceTree = "<group>"; };
		775E97BE24BACBFB00A0919E /* News.swift */ = {isa = PBXFileReference; lastKnownFileType = sourcecode.swift; path = News.swift; sourceTree = "<group>"; };
		775E97C324BC194300A0919E /* NewsCollectionViewCustomCell.swift */ = {isa = PBXFileReference; lastKnownFileType = sourcecode.swift; path = NewsCollectionViewCustomCell.swift; sourceTree = "<group>"; };
		775E97C624BC219A00A0919E /* NewsTableViewCustomCell.swift */ = {isa = PBXFileReference; lastKnownFileType = sourcecode.swift; path = NewsTableViewCustomCell.swift; sourceTree = "<group>"; };
/* End PBXFileReference section */

/* Begin PBXFrameworksBuildPhase section */
		775E977A24B7F05000A0919E /* Frameworks */ = {
			isa = PBXFrameworksBuildPhase;
			buildActionMask = 2147483647;
			files = (
			);
			runOnlyForDeploymentPostprocessing = 0;
		};
		775E979024B7F05400A0919E /* Frameworks */ = {
			isa = PBXFrameworksBuildPhase;
			buildActionMask = 2147483647;
			files = (
			);
			runOnlyForDeploymentPostprocessing = 0;
		};
		775E979B24B7F05400A0919E /* Frameworks */ = {
			isa = PBXFrameworksBuildPhase;
			buildActionMask = 2147483647;
			files = (
			);
			runOnlyForDeploymentPostprocessing = 0;
		};
/* End PBXFrameworksBuildPhase section */

/* Begin PBXGroup section */
		775E977424B7F05000A0919E = {
			isa = PBXGroup;
			children = (
				775E977F24B7F05000A0919E /* TakeHomeProject */,
				775E979624B7F05400A0919E /* TakeHomeProjectTests */,
				775E97A124B7F05400A0919E /* TakeHomeProjectUITests */,
				775E977E24B7F05000A0919E /* Products */,
			);
			sourceTree = "<group>";
		};
		775E977E24B7F05000A0919E /* Products */ = {
			isa = PBXGroup;
			children = (
				775E977D24B7F05000A0919E /* TakeHomeProject.app */,
				775E979324B7F05400A0919E /* TakeHomeProjectTests.xctest */,
				775E979E24B7F05400A0919E /* TakeHomeProjectUITests.xctest */,
			);
			name = Products;
			sourceTree = "<group>";
		};
		775E977F24B7F05000A0919E /* TakeHomeProject */ = {
			isa = PBXGroup;
			children = (
				775E97B024B7F07300A0919E /* Models */,
				775E97B124B7F07800A0919E /* Views */,
				775E97B224B7F07D00A0919E /* Controllers */,
				775E97BB24B96DD400A0919E /* Networking */,
				775E978024B7F05000A0919E /* AppDelegate.swift */,
				775E978224B7F05000A0919E /* SceneDelegate.swift */,
				775E978924B7F05300A0919E /* Assets.xcassets */,
				775E978B24B7F05300A0919E /* LaunchScreen.storyboard */,
				775E978E24B7F05300A0919E /* Info.plist */,
			);
			path = TakeHomeProject;
			sourceTree = "<group>";
		};
		775E979624B7F05400A0919E /* TakeHomeProjectTests */ = {
			isa = PBXGroup;
			children = (
				775E979724B7F05400A0919E /* TakeHomeProjectTests.swift */,
				775E979924B7F05400A0919E /* Info.plist */,
			);
			path = TakeHomeProjectTests;
			sourceTree = "<group>";
		};
		775E97A124B7F05400A0919E /* TakeHomeProjectUITests */ = {
			isa = PBXGroup;
			children = (
				775E97A224B7F05400A0919E /* TakeHomeProjectUITests.swift */,
				775E97A424B7F05400A0919E /* Info.plist */,
			);
			path = TakeHomeProjectUITests;
			sourceTree = "<group>";
		};
		775E97B024B7F07300A0919E /* Models */ = {
			isa = PBXGroup;
			children = (
				775E97B924B83F8E00A0919E /* AppStringModel.swift */,
				775E97BE24BACBFB00A0919E /* News.swift */,
			);
			path = Models;
			sourceTree = "<group>";
		};
		775E97B124B7F07800A0919E /* Views */ = {
			isa = PBXGroup;
			children = (
				775E978624B7F05000A0919E /* Main.storyboard */,
				775E97C024BC0FD300A0919E /* NewsCollectionViewCustomCell */,
				775E97C524BC216000A0919E /* NewsTableviewCustomCell */,
			);
			path = Views;
			sourceTree = "<group>";
		};
		775E97B224B7F07D00A0919E /* Controllers */ = {
			isa = PBXGroup;
			children = (
				775E978424B7F05000A0919E /* HomeViewController.swift */,
				775E97B324B8090D00A0919E /* CategpryViewController.swift */,
			);
			path = Controllers;
			sourceTree = "<group>";
		};
		775E97BB24B96DD400A0919E /* Networking */ = {
			isa = PBXGroup;
			children = (
				775E97BC24B96DFD00A0919E /* Networking.swift */,
			);
			path = Networking;
			sourceTree = "<group>";
		};
		775E97C024BC0FD300A0919E /* NewsCollectionViewCustomCell */ = {
			isa = PBXGroup;
			children = (
				775E97C324BC194300A0919E /* NewsCollectionViewCustomCell.swift */,
			);
			path = NewsCollectionViewCustomCell;
			sourceTree = "<group>";
		};
		775E97C524BC216000A0919E /* NewsTableviewCustomCell */ = {
			isa = PBXGroup;
			children = (
				775E97C624BC219A00A0919E /* NewsTableViewCustomCell.swift */,
			);
			path = NewsTableviewCustomCell;
			sourceTree = "<group>";
		};
/* End PBXGroup section */

/* Begin PBXNativeTarget section */
		775E977C24B7F05000A0919E /* TakeHomeProject */ = {
			isa = PBXNativeTarget;
			buildConfigurationList = 775E97A724B7F05400A0919E /* Build configuration list for PBXNativeTarget "TakeHomeProject" */;
			buildPhases = (
				775E977924B7F05000A0919E /* Sources */,
				775E977A24B7F05000A0919E /* Frameworks */,
				775E977B24B7F05000A0919E /* Resources */,
			);
			buildRules = (
			);
			dependencies = (
			);
			name = TakeHomeProject;
			productName = TakeHomeProject;
			productReference = 775E977D24B7F05000A0919E /* TakeHomeProject.app */;
			productType = "com.apple.product-type.application";
		};
		775E979224B7F05400A0919E /* TakeHomeProjectTests */ = {
			isa = PBXNativeTarget;
			buildConfigurationList = 775E97AA24B7F05400A0919E /* Build configuration list for PBXNativeTarget "TakeHomeProjectTests" */;
			buildPhases = (
				775E978F24B7F05400A0919E /* Sources */,
				775E979024B7F05400A0919E /* Frameworks */,
				775E979124B7F05400A0919E /* Resources */,
			);
			buildRules = (
			);
			dependencies = (
				775E979524B7F05400A0919E /* PBXTargetDependency */,
			);
			name = TakeHomeProjectTests;
			productName = TakeHomeProjectTests;
			productReference = 775E979324B7F05400A0919E /* TakeHomeProjectTests.xctest */;
			productType = "com.apple.product-type.bundle.unit-test";
		};
		775E979D24B7F05400A0919E /* TakeHomeProjectUITests */ = {
			isa = PBXNativeTarget;
			buildConfigurationList = 775E97AD24B7F05400A0919E /* Build configuration list for PBXNativeTarget "TakeHomeProjectUITests" */;
			buildPhases = (
				775E979A24B7F05400A0919E /* Sources */,
				775E979B24B7F05400A0919E /* Frameworks */,
				775E979C24B7F05400A0919E /* Resources */,
			);
			buildRules = (
			);
			dependencies = (
				775E97A024B7F05400A0919E /* PBXTargetDependency */,
			);
			name = TakeHomeProjectUITests;
			productName = TakeHomeProjectUITests;
			productReference = 775E979E24B7F05400A0919E /* TakeHomeProjectUITests.xctest */;
			productType = "com.apple.product-type.bundle.ui-testing";
		};
/* End PBXNativeTarget section */

/* Begin PBXProject section */
		775E977524B7F05000A0919E /* Project object */ = {
			isa = PBXProject;
			attributes = {
				LastSwiftUpdateCheck = 1150;
				LastUpgradeCheck = 1150;
				ORGANIZATIONNAME = "Mo Drame";
				TargetAttributes = {
					775E977C24B7F05000A0919E = {
						CreatedOnToolsVersion = 11.5;
					};
					775E979224B7F05400A0919E = {
						CreatedOnToolsVersion = 11.5;
						TestTargetID = 775E977C24B7F05000A0919E;
					};
					775E979D24B7F05400A0919E = {
						CreatedOnToolsVersion = 11.5;
						TestTargetID = 775E977C24B7F05000A0919E;
					};
				};
			};
			buildConfigurationList = 775E977824B7F05000A0919E /* Build configuration list for PBXProject "TakeHomeProject" */;
			compatibilityVersion = "Xcode 9.3";
			developmentRegion = en;
			hasScannedForEncodings = 0;
			knownRegions = (
				en,
				Base,
			);
			mainGroup = 775E977424B7F05000A0919E;
			productRefGroup = 775E977E24B7F05000A0919E /* Products */;
			projectDirPath = "";
			projectRoot = "";
			targets = (
				775E977C24B7F05000A0919E /* TakeHomeProject */,
				775E979224B7F05400A0919E /* TakeHomeProjectTests */,
				775E979D24B7F05400A0919E /* TakeHomeProjectUITests */,
			);
		};
/* End PBXProject section */

/* Begin PBXResourcesBuildPhase section */
		775E977B24B7F05000A0919E /* Resources */ = {
			isa = PBXResourcesBuildPhase;
			buildActionMask = 2147483647;
			files = (
				775E978D24B7F05300A0919E /* LaunchScreen.storyboard in Resources */,
				775E978A24B7F05300A0919E /* Assets.xcassets in Resources */,
				775E978824B7F05000A0919E /* Main.storyboard in Resources */,
			);
			runOnlyForDeploymentPostprocessing = 0;
		};
		775E979124B7F05400A0919E /* Resources */ = {
			isa = PBXResourcesBuildPhase;
			buildActionMask = 2147483647;
			files = (
			);
			runOnlyForDeploymentPostprocessing = 0;
		};
		775E979C24B7F05400A0919E /* Resources */ = {
			isa = PBXResourcesBuildPhase;
			buildActionMask = 2147483647;
			files = (
			);
			runOnlyForDeploymentPostprocessing = 0;
		};
/* End PBXResourcesBuildPhase section */

/* Begin PBXSourcesBuildPhase section */
		775E977924B7F05000A0919E /* Sources */ = {
			isa = PBXSourcesBuildPhase;
			buildActionMask = 2147483647;
			files = (
				775E978524B7F05000A0919E /* HomeViewController.swift in Sources */,
				775E97BA24B83F8E00A0919E /* AppStringModel.swift in Sources */,
				775E97BF24BACBFB00A0919E /* News.swift in Sources */,
				775E97B424B8090D00A0919E /* CategpryViewController.swift in Sources */,
				775E97C424BC194300A0919E /* NewsCollectionViewCustomCell.swift in Sources */,
				775E978124B7F05000A0919E /* AppDelegate.swift in Sources */,
				775E978324B7F05000A0919E /* SceneDelegate.swift in Sources */,
				775E97BD24B96DFD00A0919E /* Networking.swift in Sources */,
				775E97C724BC219A00A0919E /* NewsTableViewCustomCell.swift in Sources */,
			);
			runOnlyForDeploymentPostprocessing = 0;
		};
		775E978F24B7F05400A0919E /* Sources */ = {
			isa = PBXSourcesBuildPhase;
			buildActionMask = 2147483647;
			files = (
				775E979824B7F05400A0919E /* TakeHomeProjectTests.swift in Sources */,
			);
			runOnlyForDeploymentPostprocessing = 0;
		};
		775E979A24B7F05400A0919E /* Sources */ = {
			isa = PBXSourcesBuildPhase;
			buildActionMask = 2147483647;
			files = (
				775E97A324B7F05400A0919E /* TakeHomeProjectUITests.swift in Sources */,
			);
			runOnlyForDeploymentPostprocessing = 0;
		};
/* End PBXSourcesBuildPhase section */

/* Begin PBXTargetDependency section */
		775E979524B7F05400A0919E /* PBXTargetDependency */ = {
			isa = PBXTargetDependency;
			target = 775E977C24B7F05000A0919E /* TakeHomeProject */;
			targetProxy = 775E979424B7F05400A0919E /* PBXContainerItemProxy */;
		};
		775E97A024B7F05400A0919E /* PBXTargetDependency */ = {
			isa = PBXTargetDependency;
			target = 775E977C24B7F05000A0919E /* TakeHomeProject */;
			targetProxy = 775E979F24B7F05400A0919E /* PBXContainerItemProxy */;
		};
/* End PBXTargetDependency section */

/* Begin PBXVariantGroup section */
		775E978624B7F05000A0919E /* Main.storyboard */ = {
			isa = PBXVariantGroup;
			children = (
				775E978724B7F05000A0919E /* Base */,
			);
			name = Main.storyboard;
			sourceTree = "<group>";
		};
		775E978B24B7F05300A0919E /* LaunchScreen.storyboard */ = {
			isa = PBXVariantGroup;
			children = (
				775E978C24B7F05300A0919E /* Base */,
			);
			name = LaunchScreen.storyboard;
			sourceTree = "<group>";
		};
/* End PBXVariantGroup section */

/* Begin XCBuildConfiguration section */
		775E97A524B7F05400A0919E /* Debug */ = {
			isa = XCBuildConfiguration;
			buildSettings = {
				ALWAYS_SEARCH_USER_PATHS = NO;
				CLANG_ANALYZER_NONNULL = YES;
				CLANG_ANALYZER_NUMBER_OBJECT_CONVERSION = YES_AGGRESSIVE;
				CLANG_CXX_LANGUAGE_STANDARD = "gnu++14";
				CLANG_CXX_LIBRARY = "libc++";
				CLANG_ENABLE_MODULES = YES;
				CLANG_ENABLE_OBJC_ARC = YES;
				CLANG_ENABLE_OBJC_WEAK = YES;
				CLANG_WARN_BLOCK_CAPTURE_AUTORELEASING = YES;
				CLANG_WARN_BOOL_CONVERSION = YES;
				CLANG_WARN_COMMA = YES;
				CLANG_WARN_CONSTANT_CONVERSION = YES;
				CLANG_WARN_DEPRECATED_OBJC_IMPLEMENTATIONS = YES;
				CLANG_WARN_DIRECT_OBJC_ISA_USAGE = YES_ERROR;
				CLANG_WARN_DOCUMENTATION_COMMENTS = YES;
				CLANG_WARN_EMPTY_BODY = YES;
				CLANG_WARN_ENUM_CONVERSION = YES;
				CLANG_WARN_INFINITE_RECURSION = YES;
				CLANG_WARN_INT_CONVERSION = YES;
				CLANG_WARN_NON_LITERAL_NULL_CONVERSION = YES;
				CLANG_WARN_OBJC_IMPLICIT_RETAIN_SELF = YES;
				CLANG_WARN_OBJC_LITERAL_CONVERSION = YES;
				CLANG_WARN_OBJC_ROOT_CLASS = YES_ERROR;
				CLANG_WARN_RANGE_LOOP_ANALYSIS = YES;
				CLANG_WARN_STRICT_PROTOTYPES = YES;
				CLANG_WARN_SUSPICIOUS_MOVE = YES;
				CLANG_WARN_UNGUARDED_AVAILABILITY = YES_AGGRESSIVE;
				CLANG_WARN_UNREACHABLE_CODE = YES;
				CLANG_WARN__DUPLICATE_METHOD_MATCH = YES;
				COPY_PHASE_STRIP = NO;
				DEBUG_INFORMATION_FORMAT = dwarf;
				ENABLE_STRICT_OBJC_MSGSEND = YES;
				ENABLE_TESTABILITY = YES;
				GCC_C_LANGUAGE_STANDARD = gnu11;
				GCC_DYNAMIC_NO_PIC = NO;
				GCC_NO_COMMON_BLOCKS = YES;
				GCC_OPTIMIZATION_LEVEL = 0;
				GCC_PREPROCESSOR_DEFINITIONS = (
					"DEBUG=1",
					"$(inherited)",
				);
				GCC_WARN_64_TO_32_BIT_CONVERSION = YES;
				GCC_WARN_ABOUT_RETURN_TYPE = YES_ERROR;
				GCC_WARN_UNDECLARED_SELECTOR = YES;
				GCC_WARN_UNINITIALIZED_AUTOS = YES_AGGRESSIVE;
				GCC_WARN_UNUSED_FUNCTION = YES;
				GCC_WARN_UNUSED_VARIABLE = YES;
				IPHONEOS_DEPLOYMENT_TARGET = 13.5;
				MTL_ENABLE_DEBUG_INFO = INCLUDE_SOURCE;
				MTL_FAST_MATH = YES;
				ONLY_ACTIVE_ARCH = YES;
				SDKROOT = iphoneos;
				SWIFT_ACTIVE_COMPILATION_CONDITIONS = DEBUG;
				SWIFT_OPTIMIZATION_LEVEL = "-Onone";
			};
			name = Debug;
		};
		775E97A624B7F05400A0919E /* Release */ = {
			isa = XCBuildConfiguration;
			buildSettings = {
				ALWAYS_SEARCH_USER_PATHS = NO;
				CLANG_ANALYZER_NONNULL = YES;
				CLANG_ANALYZER_NUMBER_OBJECT_CONVERSION = YES_AGGRESSIVE;
				CLANG_CXX_LANGUAGE_STANDARD = "gnu++14";
				CLANG_CXX_LIBRARY = "libc++";
				CLANG_ENABLE_MODULES = YES;
				CLANG_ENABLE_OBJC_ARC = YES;
				CLANG_ENABLE_OBJC_WEAK = YES;
				CLANG_WARN_BLOCK_CAPTURE_AUTORELEASING = YES;
				CLANG_WARN_BOOL_CONVERSION = YES;
				CLANG_WARN_COMMA = YES;
				CLANG_WARN_CONSTANT_CONVERSION = YES;
				CLANG_WARN_DEPRECATED_OBJC_IMPLEMENTATIONS = YES;
				CLANG_WARN_DIRECT_OBJC_ISA_USAGE = YES_ERROR;
				CLANG_WARN_DOCUMENTATION_COMMENTS = YES;
				CLANG_WARN_EMPTY_BODY = YES;
				CLANG_WARN_ENUM_CONVERSION = YES;
				CLANG_WARN_INFINITE_RECURSION = YES;
				CLANG_WARN_INT_CONVERSION = YES;
				CLANG_WARN_NON_LITERAL_NULL_CONVERSION = YES;
				CLANG_WARN_OBJC_IMPLICIT_RETAIN_SELF = YES;
				CLANG_WARN_OBJC_LITERAL_CONVERSION = YES;
				CLANG_WARN_OBJC_ROOT_CLASS = YES_ERROR;
				CLANG_WARN_RANGE_LOOP_ANALYSIS = YES;
				CLANG_WARN_STRICT_PROTOTYPES = YES;
				CLANG_WARN_SUSPICIOUS_MOVE = YES;
				CLANG_WARN_UNGUARDED_AVAILABILITY = YES_AGGRESSIVE;
				CLANG_WARN_UNREACHABLE_CODE = YES;
				CLANG_WARN__DUPLICATE_METHOD_MATCH = YES;
				COPY_PHASE_STRIP = NO;
				DEBUG_INFORMATION_FORMAT = "dwarf-with-dsym";
				ENABLE_NS_ASSERTIONS = NO;
				ENABLE_STRICT_OBJC_MSGSEND = YES;
				GCC_C_LANGUAGE_STANDARD = gnu11;
				GCC_NO_COMMON_BLOCKS = YES;
				GCC_WARN_64_TO_32_BIT_CONVERSION = YES;
				GCC_WARN_ABOUT_RETURN_TYPE = YES_ERROR;
				GCC_WARN_UNDECLARED_SELECTOR = YES;
				GCC_WARN_UNINITIALIZED_AUTOS = YES_AGGRESSIVE;
				GCC_WARN_UNUSED_FUNCTION = YES;
				GCC_WARN_UNUSED_VARIABLE = YES;
				IPHONEOS_DEPLOYMENT_TARGET = 13.5;
				MTL_ENABLE_DEBUG_INFO = NO;
				MTL_FAST_MATH = YES;
				SDKROOT = iphoneos;
				SWIFT_COMPILATION_MODE = wholemodule;
				SWIFT_OPTIMIZATION_LEVEL = "-O";
				VALIDATE_PRODUCT = YES;
			};
			name = Release;
		};
		775E97A824B7F05400A0919E /* Debug */ = {
			isa = XCBuildConfiguration;
			buildSettings = {
				ASSETCATALOG_COMPILER_APPICON_NAME = AppIcon;
				CODE_SIGN_STYLE = Automatic;
				DEVELOPMENT_TEAM = 6AY5G84ET7;
				INFOPLIST_FILE = TakeHomeProject/Info.plist;
				LD_RUNPATH_SEARCH_PATHS = (
					"$(inherited)",
					"@executable_path/Frameworks",
				);
				PRODUCT_BUNDLE_IDENTIFIER = com.modrame.herokuapp.TakeHomeProject;
				PRODUCT_NAME = "$(TARGET_NAME)";
				SWIFT_VERSION = 5.0;
				TARGETED_DEVICE_FAMILY = 1;
			};
			name = Debug;
		};
		775E97A924B7F05400A0919E /* Release */ = {
			isa = XCBuildConfiguration;
			buildSettings = {
				ASSETCATALOG_COMPILER_APPICON_NAME = AppIcon;
				CODE_SIGN_STYLE = Automatic;
				DEVELOPMENT_TEAM = 6AY5G84ET7;
				INFOPLIST_FILE = TakeHomeProject/Info.plist;
				LD_RUNPATH_SEARCH_PATHS = (
					"$(inherited)",
					"@executable_path/Frameworks",
				);
				PRODUCT_BUNDLE_IDENTIFIER = com.modrame.herokuapp.TakeHomeProject;
				PRODUCT_NAME = "$(TARGET_NAME)";
				SWIFT_VERSION = 5.0;
				TARGETED_DEVICE_FAMILY = 1;
			};
			name = Release;
		};
		775E97AB24B7F05400A0919E /* Debug */ = {
			isa = XCBuildConfiguration;
			buildSettings = {
				ALWAYS_EMBED_SWIFT_STANDARD_LIBRARIES = YES;
				BUNDLE_LOADER = "$(TEST_HOST)";
				CODE_SIGN_STYLE = Automatic;
				DEVELOPMENT_TEAM = 6AY5G84ET7;
				INFOPLIST_FILE = TakeHomeProjectTests/Info.plist;
				IPHONEOS_DEPLOYMENT_TARGET = 13.5;
				LD_RUNPATH_SEARCH_PATHS = (
					"$(inherited)",
					"@executable_path/Frameworks",
					"@loader_path/Frameworks",
				);
				PRODUCT_BUNDLE_IDENTIFIER = com.modrame.herokuapp.TakeHomeProjectTests;
				PRODUCT_NAME = "$(TARGET_NAME)";
				SWIFT_VERSION = 5.0;
				TARGETED_DEVICE_FAMILY = "1,2";
				TEST_HOST = "$(BUILT_PRODUCTS_DIR)/TakeHomeProject.app/TakeHomeProject";
			};
			name = Debug;
		};
		775E97AC24B7F05400A0919E /* Release */ = {
			isa = XCBuildConfiguration;
			buildSettings = {
				ALWAYS_EMBED_SWIFT_STANDARD_LIBRARIES = YES;
				BUNDLE_LOADER = "$(TEST_HOST)";
				CODE_SIGN_STYLE = Automatic;
				DEVELOPMENT_TEAM = 6AY5G84ET7;
				INFOPLIST_FILE = TakeHomeProjectTests/Info.plist;
				IPHONEOS_DEPLOYMENT_TARGET = 13.5;
				LD_RUNPATH_SEARCH_PATHS = (
					"$(inherited)",
					"@executable_path/Frameworks",
					"@loader_path/Frameworks",
				);
				PRODUCT_BUNDLE_IDENTIFIER = com.modrame.herokuapp.TakeHomeProjectTests;
				PRODUCT_NAME = "$(TARGET_NAME)";
				SWIFT_VERSION = 5.0;
				TARGETED_DEVICE_FAMILY = "1,2";
				TEST_HOST = "$(BUILT_PRODUCTS_DIR)/TakeHomeProject.app/TakeHomeProject";
			};
			name = Release;
		};
		775E97AE24B7F05400A0919E /* Debug */ = {
			isa = XCBuildConfiguration;
			buildSettings = {
				ALWAYS_EMBED_SWIFT_STANDARD_LIBRARIES = YES;
				CODE_SIGN_STYLE = Automatic;
				DEVELOPMENT_TEAM = 6AY5G84ET7;
				INFOPLIST_FILE = TakeHomeProjectUITests/Info.plist;
				LD_RUNPATH_SEARCH_PATHS = (
					"$(inherited)",
					"@executable_path/Frameworks",
					"@loader_path/Frameworks",
				);
				PRODUCT_BUNDLE_IDENTIFIER = com.modrame.herokuapp.TakeHomeProjectUITests;
				PRODUCT_NAME = "$(TARGET_NAME)";
				SWIFT_VERSION = 5.0;
				TARGETED_DEVICE_FAMILY = "1,2";
				TEST_TARGET_NAME = TakeHomeProject;
			};
			name = Debug;
		};
		775E97AF24B7F05400A0919E /* Release */ = {
			isa = XCBuildConfiguration;
			buildSettings = {
				ALWAYS_EMBED_SWIFT_STANDARD_LIBRARIES = YES;
				CODE_SIGN_STYLE = Automatic;
				DEVELOPMENT_TEAM = 6AY5G84ET7;
				INFOPLIST_FILE = TakeHomeProjectUITests/Info.plist;
				LD_RUNPATH_SEARCH_PATHS = (
					"$(inherited)",
					"@executable_path/Frameworks",
					"@loader_path/Frameworks",
				);
				PRODUCT_BUNDLE_IDENTIFIER = com.modrame.herokuapp.TakeHomeProjectUITests;
				PRODUCT_NAME = "$(TARGET_NAME)";
				SWIFT_VERSION = 5.0;
				TARGETED_DEVICE_FAMILY = "1,2";
				TEST_TARGET_NAME = TakeHomeProject;
			};
			name = Release;
		};
/* End XCBuildConfiguration section */

/* Begin XCConfigurationList section */
		775E977824B7F05000A0919E /* Build configuration list for PBXProject "TakeHomeProject" */ = {
			isa = XCConfigurationList;
			buildConfigurations = (
				775E97A524B7F05400A0919E /* Debug */,
				775E97A624B7F05400A0919E /* Release */,
			);
			defaultConfigurationIsVisible = 0;
			defaultConfigurationName = Release;
		};
		775E97A724B7F05400A0919E /* Build configuration list for PBXNativeTarget "TakeHomeProject" */ = {
			isa = XCConfigurationList;
			buildConfigurations = (
				775E97A824B7F05400A0919E /* Debug */,
				775E97A924B7F05400A0919E /* Release */,
			);
			defaultConfigurationIsVisible = 0;
			defaultConfigurationName = Release;
		};
		775E97AA24B7F05400A0919E /* Build configuration list for PBXNativeTarget "TakeHomeProjectTests" */ = {
			isa = XCConfigurationList;
			buildConfigurations = (
				775E97AB24B7F05400A0919E /* Debug */,
				775E97AC24B7F05400A0919E /* Release */,
			);
			defaultConfigurationIsVisible = 0;
			defaultConfigurationName = Release;
		};
		775E97AD24B7F05400A0919E /* Build configuration list for PBXNativeTarget "TakeHomeProjectUITests" */ = {
			isa = XCConfigurationList;
			buildConfigurations = (
				775E97AE24B7F05400A0919E /* Debug */,
				775E97AF24B7F05400A0919E /* Release */,
			);
			defaultConfigurationIsVisible = 0;
			defaultConfigurationName = Release;
		};
/* End XCConfigurationList section */
	};
	rootObject = 775E977524B7F05000A0919E /* Project object */;
}
